{
    "_meta": {
        "hash": {
            "sha256": "0784e5ef95683a3f0ef3b6255565c5086accedd610a5557a1795e2f327521572"
        },
        "pipfile-spec": 6,
        "requires": {
            "python_version": "3.9"
        },
        "sources": [
            {
                "name": "pypi",
                "url": "https://pypi.org/simple",
                "verify_ssl": true
            }
        ]
    },
    "default": {
        "asgiref": {
            "hashes": [
                "sha256:1d2880b792ae8757289136f1db2b7b99100ce959b2aa57fd69dab783d05afac4",
                "sha256:4a29362a6acebe09bf1d6640db38c1dc3d9217c68e6f9f6204d72667fc19a424"
            ],
            "markers": "python_version >= '3.7'",
            "version": "==3.5.2"
        },
        "django": {
            "hashes": [
                "sha256:26dc24f99c8956374a054bcbf58aab8dc0cad2e6ac82b0fe036b752c00eee793",
                "sha256:b8d843714810ab88d59344507d4447be8b2cf12a49031363b6eed9f1b9b2280f"
            ],
            "index": "pypi",
            "version": "==4.1.2"
        },
        "django-cors-headers": {
            "hashes": [
                "sha256:37e42883b5f1f2295df6b4bba96eb2417a14a03270cb24b2a07f021cd4487cf4",
                "sha256:f9dc6b4e3f611c3199700b3e5f3398c28757dcd559c2f82932687f3d0443cfdf"
            ],
            "index": "pypi",
            "version": "==3.13.0"
        },
        "django-filter": {
            "hashes": [
                "sha256:ed429e34760127e3520a67f415bec4c905d4649fbe45d0d6da37e6ff5e0287eb",
                "sha256:ed473b76e84f7e83b2511bb2050c3efb36d135207d0128dfe3ae4b36e3594ba5"
            ],
            "index": "pypi",
            "version": "==22.1"
        },
        "djangorestframework": {
            "hashes": [
                "sha256:579a333e6256b09489cbe0a067e66abe55c6595d8926be6b99423786334350c8",
                "sha256:eb63f58c9f218e1a7d064d17a70751f528ed4e1d35547fdade9aaf4cd103fd08"
            ],
            "index": "pypi",
            "version": "==3.14.0"
        },
        "importlib-metadata": {
            "hashes": [
                "sha256:da31db32b304314d044d3c12c79bd59e307889b287ad12ff387b3500835fc2ab",
                "sha256:ddb0e35065e8938f867ed4928d0ae5bf2a53b7773871bfe6bcc7e4fcdc7dea43"
            ],
            "markers": "python_version < '3.10'",
            "version": "==5.0.0"
        },
        "markdown": {
            "hashes": [
                "sha256:08fb8465cffd03d10b9dd34a5c3fea908e20391a2a90b88d66362cb05beed186",
                "sha256:3b809086bb6efad416156e00a0da66fe47618a5d6918dd688f53f40c8e4cfeff"
            ],
            "index": "pypi",
            "version": "==3.4.1"
        },
        "pytz": {
            "hashes": [
                "sha256:2c0784747071402c6e99f0bafdb7da0fa22645f06554c7ae06bf6358897e9c91",
                "sha256:48ce799d83b6f8aab2020e369b627446696619e79645419610b9facd909b3174"
            ],
            "version": "==2022.4"
        },
        "sqlparse": {
            "hashes": [
                "sha256:0323c0ec29cd52bceabc1b4d9d579e311f3e4961b98d174201d5622a23b85e34",
                "sha256:69ca804846bb114d2ec380e4360a8a340db83f0ccf3afceeb1404df028f57268"
            ],
            "markers": "python_version >= '3.5'",
            "version": "==0.4.3"
        },
        "zipp": {
            "hashes": [
                "sha256:3a7af91c3db40ec72dd9d154ae18e008c69efe8ca88dde4f9a731bb82fe2f9eb",
                "sha256:972cfa31bc2fedd3fa838a51e9bc7e64b7fb725a8c00e7431554311f180e9980"
            ],
            "markers": "python_version >= '3.7'",
            "version": "==3.9.0"
        }
    },
    "develop": {}
}
